// !$*UTF8*$!
{
	archiveVersion = 1;
	classes = {
	};
	objectVersion = 56;
	objects = {

/* Begin PBXBuildFile section */
		A0039E8228E6760C00C65AD9 /* AppDelegate.swift in Sources */ = {isa = PBXBuildFile; fileRef = A0039E8128E6760C00C65AD9 /* AppDelegate.swift */; };
		A0039E8428E6760C00C65AD9 /* SceneDelegate.swift in Sources */ = {isa = PBXBuildFile; fileRef = A0039E8328E6760C00C65AD9 /* SceneDelegate.swift */; };
		A0039E8628E6760C00C65AD9 /* ViewController.swift in Sources */ = {isa = PBXBuildFile; fileRef = A0039E8528E6760C00C65AD9 /* ViewController.swift */; };
		A0039E8928E6760C00C65AD9 /* Main.storyboard in Resources */ = {isa = PBXBuildFile; fileRef = A0039E8728E6760C00C65AD9 /* Main.storyboard */; };
		A0039E8B28E6760F00C65AD9 /* Assets.xcassets in Resources */ = {isa = PBXBuildFile; fileRef = A0039E8A28E6760F00C65AD9 /* Assets.xcassets */; };
		A0039E8E28E6760F00C65AD9 /* LaunchScreen.storyboard in Resources */ = {isa = PBXBuildFile; fileRef = A0039E8C28E6760F00C65AD9 /* LaunchScreen.storyboard */; };
		A0039E9928E6760F00C65AD9 /* GitHubAppTests.swift in Sources */ = {isa = PBXBuildFile; fileRef = A0039E9828E6760F00C65AD9 /* GitHubAppTests.swift */; };
		A0039EA328E6760F00C65AD9 /* GitHubAppUITests.swift in Sources */ = {isa = PBXBuildFile; fileRef = A0039EA228E6760F00C65AD9 /* GitHubAppUITests.swift */; };
		A0039EA528E6760F00C65AD9 /* GitHubAppUITestsLaunchTests.swift in Sources */ = {isa = PBXBuildFile; fileRef = A0039EA428E6760F00C65AD9 /* GitHubAppUITestsLaunchTests.swift */; };
/* End PBXBuildFile section */

/* Begin PBXContainerItemProxy section */
		A0039E9528E6760F00C65AD9 /* PBXContainerItemProxy */ = {
			isa = PBXContainerItemProxy;
			containerPortal = A0039E7628E6760C00C65AD9 /* Project object */;
			proxyType = 1;
			remoteGlobalIDString = A0039E7D28E6760C00C65AD9;
			remoteInfo = GitHubApp;
		};
		A0039E9F28E6760F00C65AD9 /* PBXContainerItemProxy */ = {
			isa = PBXContainerItemProxy;
			containerPortal = A0039E7628E6760C00C65AD9 /* Project object */;
			proxyType = 1;
			remoteGlobalIDString = A0039E7D28E6760C00C65AD9;
			remoteInfo = GitHubApp;
		};
/* End PBXContainerItemProxy section */

/* Begin PBXFileReference section */
		A0039E7E28E6760C00C65AD9 /* GitHubApp.app */ = {isa = PBXFileReference; explicitFileType = wrapper.application; includeInIndex = 0; path = GitHubApp.app; sourceTree = BUILT_PRODUCTS_DIR; };
		A0039E8128E6760C00C65AD9 /* AppDelegate.swift */ = {isa = PBXFileReference; lastKnownFileType = sourcecode.swift; path = AppDelegate.swift; sourceTree = "<group>"; };
		A0039E8328E6760C00C65AD9 /* SceneDelegate.swift */ = {isa = PBXFileReference; lastKnownFileType = sourcecode.swift; path = SceneDelegate.swift; sourceTree = "<group>"; };
		A0039E8528E6760C00C65AD9 /* ViewController.swift */ = {isa = PBXFileReference; lastKnownFileType = sourcecode.swift; path = ViewController.swift; sourceTree = "<group>"; };
		A0039E8828E6760C00C65AD9 /* Base */ = {isa = PBXFileReference; lastKnownFileType = file.storyboard; name = Base; path = Base.lproj/Main.storyboard; sourceTree = "<group>"; };
		A0039E8A28E6760F00C65AD9 /* Assets.xcassets */ = {isa = PBXFileReference; lastKnownFileType = folder.assetcatalog; path = Assets.xcassets; sourceTree = "<group>"; };
		A0039E8D28E6760F00C65AD9 /* Base */ = {isa = PBXFileReference; lastKnownFileType = file.storyboard; name = Base; path = Base.lproj/LaunchScreen.storyboard; sourceTree = "<group>"; };
		A0039E8F28E6760F00C65AD9 /* Info.plist */ = {isa = PBXFileReference; lastKnownFileType = text.plist.xml; path = Info.plist; sourceTree = "<group>"; };
		A0039E9428E6760F00C65AD9 /* GitHubAppTests.xctest */ = {isa = PBXFileReference; explicitFileType = wrapper.cfbundle; includeInIndex = 0; path = GitHubAppTests.xctest; sourceTree = BUILT_PRODUCTS_DIR; };
		A0039E9828E6760F00C65AD9 /* GitHubAppTests.swift */ = {isa = PBXFileReference; lastKnownFileType = sourcecode.swift; path = GitHubAppTests.swift; sourceTree = "<group>"; };
		A0039E9E28E6760F00C65AD9 /* GitHubAppUITests.xctest */ = {isa = PBXFileReference; explicitFileType = wrapper.cfbundle; includeInIndex = 0; path = GitHubAppUITests.xctest; sourceTree = BUILT_PRODUCTS_DIR; };
		A0039EA228E6760F00C65AD9 /* GitHubAppUITests.swift */ = {isa = PBXFileReference; lastKnownFileType = sourcecode.swift; path = GitHubAppUITests.swift; sourceTree = "<group>"; };
		A0039EA428E6760F00C65AD9 /* GitHubAppUITestsLaunchTests.swift */ = {isa = PBXFileReference; lastKnownFileType = sourcecode.swift; path = GitHubAppUITestsLaunchTests.swift; sourceTree = "<group>"; };
/* End PBXFileReference section */

/* Begin PBXFrameworksBuildPhase section */
		A0039E7B28E6760C00C65AD9 /* Frameworks */ = {
			isa = PBXFrameworksBuildPhase;
			buildActionMask = 2147483647;
			files = (
			);
			runOnlyForDeploymentPostprocessing = 0;
		};
		A0039E9128E6760F00C65AD9 /* Frameworks */ = {
			isa = PBXFrameworksBuildPhase;
			buildActionMask = 2147483647;
			files = (
			);
			runOnlyForDeploymentPostprocessing = 0;
		};
		A0039E9B28E6760F00C65AD9 /* Frameworks */ = {
			isa = PBXFrameworksBuildPhase;
			buildActionMask = 2147483647;
			files = (
			);
			runOnlyForDeploymentPostprocessing = 0;
		};
/* End PBXFrameworksBuildPhase section */

/* Begin PBXGroup section */
		A0039E7528E6760C00C65AD9 = {
			isa = PBXGroup;
			children = (
				A0039E8028E6760C00C65AD9 /* GitHubApp */,
				A0039E9728E6760F00C65AD9 /* GitHubAppTests */,
				A0039EA128E6760F00C65AD9 /* GitHubAppUITests */,
				A0039E7F28E6760C00C65AD9 /* Products */,
			);
			sourceTree = "<group>";
		};
		A0039E7F28E6760C00C65AD9 /* Products */ = {
			isa = PBXGroup;
			children = (
				A0039E7E28E6760C00C65AD9 /* GitHubApp.app */,
				A0039E9428E6760F00C65AD9 /* GitHubAppTests.xctest */,
				A0039E9E28E6760F00C65AD9 /* GitHubAppUITests.xctest */,
			);
			name = Products;
			sourceTree = "<group>";
		};
		A0039E8028E6760C00C65AD9 /* GitHubApp */ = {
			isa = PBXGroup;
			children = (
				A0039E8128E6760C00C65AD9 /* AppDelegate.swift */,
				A0039E8328E6760C00C65AD9 /* SceneDelegate.swift */,
				A0039E8528E6760C00C65AD9 /* ViewController.swift */,
				A0039E8728E6760C00C65AD9 /* Main.storyboard */,
				A0039E8A28E6760F00C65AD9 /* Assets.xcassets */,
				A0039E8C28E6760F00C65AD9 /* LaunchScreen.storyboard */,
				A0039E8F28E6760F00C65AD9 /* Info.plist */,
			);
			path = GitHubApp;
			sourceTree = "<group>";
		};
		A0039E9728E6760F00C65AD9 /* GitHubAppTests */ = {
			isa = PBXGroup;
			children = (
				A0039E9828E6760F00C65AD9 /* GitHubAppTests.swift */,
			);
			path = GitHubAppTests;
			sourceTree = "<group>";
		};
		A0039EA128E6760F00C65AD9 /* GitHubAppUITests */ = {
			isa = PBXGroup;
			children = (
				A0039EA228E6760F00C65AD9 /* GitHubAppUITests.swift */,
				A0039EA428E6760F00C65AD9 /* GitHubAppUITestsLaunchTests.swift */,
			);
			path = GitHubAppUITests;
			sourceTree = "<group>";
		};
/* End PBXGroup section */

/* Begin PBXNativeTarget section */
		A0039E7D28E6760C00C65AD9 /* GitHubApp */ = {
			isa = PBXNativeTarget;
			buildConfigurationList = A0039EA828E6760F00C65AD9 /* Build configuration list for PBXNativeTarget "GitHubApp" */;
			buildPhases = (
				A0039E7A28E6760C00C65AD9 /* Sources */,
				A0039E7B28E6760C00C65AD9 /* Frameworks */,
				A0039E7C28E6760C00C65AD9 /* Resources */,
			);
			buildRules = (
			);
			dependencies = (
			);
			name = GitHubApp;
			productName = GitHubApp;
			productReference = A0039E7E28E6760C00C65AD9 /* GitHubApp.app */;
			productType = "com.apple.product-type.application";
		};
		A0039E9328E6760F00C65AD9 /* GitHubAppTests */ = {
			isa = PBXNativeTarget;
			buildConfigurationList = A0039EAB28E6760F00C65AD9 /* Build configuration list for PBXNativeTarget "GitHubAppTests" */;
			buildPhases = (
				A0039E9028E6760F00C65AD9 /* Sources */,
				A0039E9128E6760F00C65AD9 /* Frameworks */,
				A0039E9228E6760F00C65AD9 /* Resources */,
			);
			buildRules = (
			);
			dependencies = (
				A0039E9628E6760F00C65AD9 /* PBXTargetDependency */,
			);
			name = GitHubAppTests;
			productName = GitHubAppTests;
			productReference = A0039E9428E6760F00C65AD9 /* GitHubAppTests.xctest */;
			productType = "com.apple.product-type.bundle.unit-test";
		};
		A0039E9D28E6760F00C65AD9 /* GitHubAppUITests */ = {
			isa = PBXNativeTarget;
			buildConfigurationList = A0039EAE28E6760F00C65AD9 /* Build configuration list for PBXNativeTarget "GitHubAppUITests" */;
			buildPhases = (
				A0039E9A28E6760F00C65AD9 /* Sources */,
				A0039E9B28E6760F00C65AD9 /* Frameworks */,
				A0039E9C28E6760F00C65AD9 /* Resources */,
			);
			buildRules = (
			);
			dependencies = (
				A0039EA028E6760F00C65AD9 /* PBXTargetDependency */,
			);
			name = GitHubAppUITests;
			productName = GitHubAppUITests;
			productReference = A0039E9E28E6760F00C65AD9 /* GitHubAppUITests.xctest */;
			productType = "com.apple.product-type.bundle.ui-testing";
		};
/* End PBXNativeTarget section */

/* Begin PBXProject section */
		A0039E7628E6760C00C65AD9 /* Project object */ = {
			isa = PBXProject;
			attributes = {
				BuildIndependentTargetsInParallel = 1;
				LastSwiftUpdateCheck = 1400;
				LastUpgradeCheck = 1400;
				TargetAttributes = {
					A0039E7D28E6760C00C65AD9 = {
						CreatedOnToolsVersion = 14.0;
					};
					A0039E9328E6760F00C65AD9 = {
						CreatedOnToolsVersion = 14.0;
						TestTargetID = A0039E7D28E6760C00C65AD9;
					};
					A0039E9D28E6760F00C65AD9 = {
						CreatedOnToolsVersion = 14.0;
						TestTargetID = A0039E7D28E6760C00C65AD9;
					};
				};
			};
			buildConfigurationList = A0039E7928E6760C00C65AD9 /* Build configuration list for PBXProject "GitHubApp" */;
			compatibilityVersion = "Xcode 14.0";
			developmentRegion = en;
			hasScannedForEncodings = 0;
			knownRegions = (
				en,
				Base,
			);
			mainGroup = A0039E7528E6760C00C65AD9;
			productRefGroup = A0039E7F28E6760C00C65AD9 /* Products */;
			projectDirPath = "";
			projectRoot = "";
			targets = (
				A0039E7D28E6760C00C65AD9 /* GitHubApp */,
				A0039E9328E6760F00C65AD9 /* GitHubAppTests */,
				A0039E9D28E6760F00C65AD9 /* GitHubAppUITests */,
			);
		};
/* End PBXProject section */

/* Begin PBXResourcesBuildPhase section */
		A0039E7C28E6760C00C65AD9 /* Resources */ = {
			isa = PBXResourcesBuildPhase;
			buildActionMask = 2147483647;
			files = (
				A0039E8E28E6760F00C65AD9 /* LaunchScreen.storyboard in Resources */,
				A0039E8B28E6760F00C65AD9 /* Assets.xcassets in Resources */,
				A0039E8928E6760C00C65AD9 /* Main.storyboard in Resources */,
			);
			runOnlyForDeploymentPostprocessing = 0;
		};
		A0039E9228E6760F00C65AD9 /* Resources */ = {
			isa = PBXResourcesBuildPhase;
			buildActionMask = 2147483647;
			files = (
			);
			runOnlyForDeploymentPostprocessing = 0;
		};
		A0039E9C28E6760F00C65AD9 /* Resources */ = {
			isa = PBXResourcesBuildPhase;
			buildActionMask = 2147483647;
			files = (
			);
			runOnlyForDeploymentPostprocessing = 0;
		};
/* End PBXResourcesBuildPhase section */

/* Begin PBXSourcesBuildPhase section */
		A0039E7A28E6760C00C65AD9 /* Sources */ = {
			isa = PBXSourcesBuildPhase;
			buildActionMask = 2147483647;
			files = (
				A0039E8628E6760C00C65AD9 /* ViewController.swift in Sources */,
				A0039E8228E6760C00C65AD9 /* AppDelegate.swift in Sources */,
				A0039E8428E6760C00C65AD9 /* SceneDelegate.swift in Sources */,
			);
			runOnlyForDeploymentPostprocessing = 0;
		};
		A0039E9028E6760F00C65AD9 /* Sources */ = {
			isa = PBXSourcesBuildPhase;
			buildActionMask = 2147483647;
			files = (
				A0039E9928E6760F00C65AD9 /* GitHubAppTests.swift in Sources */,
			);
			runOnlyForDeploymentPostprocessing = 0;
		};
		A0039E9A28E6760F00C65AD9 /* Sources */ = {
			isa = PBXSourcesBuildPhase;
			buildActionMask = 2147483647;
			files = (
				A0039EA328E6760F00C65AD9 /* GitHubAppUITests.swift in Sources */,
				A0039EA528E6760F00C65AD9 /* GitHubAppUITestsLaunchTests.swift in Sources */,
			);
			runOnlyForDeploymentPostprocessing = 0;
		};
/* End PBXSourcesBuildPhase section */

/* Begin PBXTargetDependency section */
		A0039E9628E6760F00C65AD9 /* PBXTargetDependency */ = {
			isa = PBXTargetDependency;
			target = A0039E7D28E6760C00C65AD9 /* GitHubApp */;
			targetProxy = A0039E9528E6760F00C65AD9 /* PBXContainerItemProxy */;
		};
		A0039EA028E6760F00C65AD9 /* PBXTargetDependency */ = {
			isa = PBXTargetDependency;
			target = A0039E7D28E6760C00C65AD9 /* GitHubApp */;
			targetProxy = A0039E9F28E6760F00C65AD9 /* PBXContainerItemProxy */;
		};
/* End PBXTargetDependency section */

/* Begin PBXVariantGroup section */
		A0039E8728E6760C00C65AD9 /* Main.storyboard */ = {
			isa = PBXVariantGroup;
			children = (
				A0039E8828E6760C00C65AD9 /* Base */,
			);
			name = Main.storyboard;
			sourceTree = "<group>";
		};
		A0039E8C28E6760F00C65AD9 /* LaunchScreen.storyboard */ = {
			isa = PBXVariantGroup;
			children = (
				A0039E8D28E6760F00C65AD9 /* Base */,
			);
			name = LaunchScreen.storyboard;
			sourceTree = "<group>";
		};
/* End PBXVariantGroup section */

/* Begin XCBuildConfiguration section */
		A0039EA628E6760F00C65AD9 /* Debug */ = {
			isa = XCBuildConfiguration;
			buildSettings = {
				ALWAYS_SEARCH_USER_PATHS = NO;
				CLANG_ANALYZER_NONNULL = YES;
				CLANG_ANALYZER_NUMBER_OBJECT_CONVERSION = YES_AGGRESSIVE;
				CLANG_CXX_LANGUAGE_STANDARD = "gnu++20";
				CLANG_ENABLE_MODULES = YES;
				CLANG_ENABLE_OBJC_ARC = YES;
				CLANG_ENABLE_OBJC_WEAK = YES;
				CLANG_WARN_BLOCK_CAPTURE_AUTORELEASING = YES;
				CLANG_WARN_BOOL_CONVERSION = YES;
				CLANG_WARN_COMMA = YES;
				CLANG_WARN_CONSTANT_CONVERSION = YES;
				CLANG_WARN_DEPRECATED_OBJC_IMPLEMENTATIONS = YES;
				CLANG_WARN_DIRECT_OBJC_ISA_USAGE = YES_ERROR;
				CLANG_WARN_DOCUMENTATION_COMMENTS = YES;
				CLANG_WARN_EMPTY_BODY = YES;
				CLANG_WARN_ENUM_CONVERSION = YES;
				CLANG_WARN_INFINITE_RECURSION = YES;
				CLANG_WARN_INT_CONVERSION = YES;
				CLANG_WARN_NON_LITERAL_NULL_CONVERSION = YES;
				CLANG_WARN_OBJC_IMPLICIT_RETAIN_SELF = YES;
				CLANG_WARN_OBJC_LITERAL_CONVERSION = YES;
				CLANG_WARN_OBJC_ROOT_CLASS = YES_ERROR;
				CLANG_WARN_QUOTED_INCLUDE_IN_FRAMEWORK_HEADER = YES;
				CLANG_WARN_RANGE_LOOP_ANALYSIS = YES;
				CLANG_WARN_STRICT_PROTOTYPES = YES;
				CLANG_WARN_SUSPICIOUS_MOVE = YES;
				CLANG_WARN_UNGUARDED_AVAILABILITY = YES_AGGRESSIVE;
				CLANG_WARN_UNREACHABLE_CODE = YES;
				CLANG_WARN__DUPLICATE_METHOD_MATCH = YES;
				COPY_PHASE_STRIP = NO;
				DEBUG_INFORMATION_FORMAT = dwarf;
				ENABLE_STRICT_OBJC_MSGSEND = YES;
				ENABLE_TESTABILITY = YES;
				GCC_C_LANGUAGE_STANDARD = gnu11;
				GCC_DYNAMIC_NO_PIC = NO;
				GCC_NO_COMMON_BLOCKS = YES;
				GCC_OPTIMIZATION_LEVEL = 0;
				GCC_PREPROCESSOR_DEFINITIONS = (
					"DEBUG=1",
					"$(inherited)",
				);
				GCC_WARN_64_TO_32_BIT_CONVERSION = YES;
				GCC_WARN_ABOUT_RETURN_TYPE = YES_ERROR;
				GCC_WARN_UNDECLARED_SELECTOR = YES;
				GCC_WARN_UNINITIALIZED_AUTOS = YES_AGGRESSIVE;
				GCC_WARN_UNUSED_FUNCTION = YES;
				GCC_WARN_UNUSED_VARIABLE = YES;
				IPHONEOS_DEPLOYMENT_TARGET = 16.0;
				MTL_ENABLE_DEBUG_INFO = INCLUDE_SOURCE;
				MTL_FAST_MATH = YES;
				ONLY_ACTIVE_ARCH = YES;
				SDKROOT = iphoneos;
				SWIFT_ACTIVE_COMPILATION_CONDITIONS = DEBUG;
				SWIFT_OPTIMIZATION_LEVEL = "-Onone";
			};
			name = Debug;
		};
		A0039EA728E6760F00C65AD9 /* Release */ = {
			isa = XCBuildConfiguration;
			buildSettings = {
				ALWAYS_SEARCH_USER_PATHS = NO;
				CLANG_ANALYZER_NONNULL = YES;
				CLANG_ANALYZER_NUMBER_OBJECT_CONVERSION = YES_AGGRESSIVE;
				CLANG_CXX_LANGUAGE_STANDARD = "gnu++20";
				CLANG_ENABLE_MODULES = YES;
				CLANG_ENABLE_OBJC_ARC = YES;
				CLANG_ENABLE_OBJC_WEAK = YES;
				CLANG_WARN_BLOCK_CAPTURE_AUTORELEASING = YES;
				CLANG_WARN_BOOL_CONVERSION = YES;
				CLANG_WARN_COMMA = YES;
				CLANG_WARN_CONSTANT_CONVERSION = YES;
				CLANG_WARN_DEPRECATED_OBJC_IMPLEMENTATIONS = YES;
				CLANG_WARN_DIRECT_OBJC_ISA_USAGE = YES_ERROR;
				CLANG_WARN_DOCUMENTATION_COMMENTS = YES;
				CLANG_WARN_EMPTY_BODY = YES;
				CLANG_WARN_ENUM_CONVERSION = YES;
				CLANG_WARN_INFINITE_RECURSION = YES;
				CLANG_WARN_INT_CONVERSION = YES;
				CLANG_WARN_NON_LITERAL_NULL_CONVERSION = YES;
				CLANG_WARN_OBJC_IMPLICIT_RETAIN_SELF = YES;
				CLANG_WARN_OBJC_LITERAL_CONVERSION = YES;
				CLANG_WARN_OBJC_ROOT_CLASS = YES_ERROR;
				CLANG_WARN_QUOTED_INCLUDE_IN_FRAMEWORK_HEADER = YES;
				CLANG_WARN_RANGE_LOOP_ANALYSIS = YES;
				CLANG_WARN_STRICT_PROTOTYPES = YES;
				CLANG_WARN_SUSPICIOUS_MOVE = YES;
				CLANG_WARN_UNGUARDED_AVAILABILITY = YES_AGGRESSIVE;
				CLANG_WARN_UNREACHABLE_CODE = YES;
				CLANG_WARN__DUPLICATE_METHOD_MATCH = YES;
				COPY_PHASE_STRIP = NO;
				DEBUG_INFORMATION_FORMAT = "dwarf-with-dsym";
				ENABLE_NS_ASSERTIONS = NO;
				ENABLE_STRICT_OBJC_MSGSEND = YES;
				GCC_C_LANGUAGE_STANDARD = gnu11;
				GCC_NO_COMMON_BLOCKS = YES;
				GCC_WARN_64_TO_32_BIT_CONVERSION = YES;
				GCC_WARN_ABOUT_RETURN_TYPE = YES_ERROR;
				GCC_WARN_UNDECLARED_SELECTOR = YES;
				GCC_WARN_UNINITIALIZED_AUTOS = YES_AGGRESSIVE;
				GCC_WARN_UNUSED_FUNCTION = YES;
				GCC_WARN_UNUSED_VARIABLE = YES;
				IPHONEOS_DEPLOYMENT_TARGET = 16.0;
				MTL_ENABLE_DEBUG_INFO = NO;
				MTL_FAST_MATH = YES;
				SDKROOT = iphoneos;
				SWIFT_COMPILATION_MODE = wholemodule;
				SWIFT_OPTIMIZATION_LEVEL = "-O";
				VALIDATE_PRODUCT = YES;
			};
			name = Release;
		};
		A0039EA928E6760F00C65AD9 /* Debug */ = {
			isa = XCBuildConfiguration;
			buildSettings = {
				ASSETCATALOG_COMPILER_APPICON_NAME = AppIcon;
				ASSETCATALOG_COMPILER_GLOBAL_ACCENT_COLOR_NAME = AccentColor;
				CODE_SIGN_STYLE = Automatic;
				CURRENT_PROJECT_VERSION = 1;
				DEVELOPMENT_TEAM = EQV48EW98J;
				GENERATE_INFOPLIST_FILE = YES;
				INFOPLIST_FILE = GitHubApp/Info.plist;
				INFOPLIST_KEY_UIApplicationSupportsIndirectInputEvents = YES;
				INFOPLIST_KEY_UILaunchStoryboardName = LaunchScreen;
				INFOPLIST_KEY_UIMainStoryboardFile = Main;
				INFOPLIST_KEY_UISupportedInterfaceOrientations_iPad = "UIInterfaceOrientationPortrait UIInterfaceOrientationPortraitUpsideDown UIInterfaceOrientationLandscapeLeft UIInterfaceOrientationLandscapeRight";
				INFOPLIST_KEY_UISupportedInterfaceOrientations_iPhone = "UIInterfaceOrientationPortrait UIInterfaceOrientationLandscapeLeft UIInterfaceOrientationLandscapeRight";
				LD_RUNPATH_SEARCH_PATHS = (
					"$(inherited)",
					"@executable_path/Frameworks",
				);
				MARKETING_VERSION = 1.0;
				PRODUCT_BUNDLE_IDENTIFIER = com.nithaparan.GitHubApp;
				PRODUCT_NAME = "$(TARGET_NAME)";
				SWIFT_EMIT_LOC_STRINGS = YES;
				SWIFT_VERSION = 5.0;
				TARGETED_DEVICE_FAMILY = "1,2";
			};
			name = Debug;
		};
		A0039EAA28E6760F00C65AD9 /* Release */ = {
			isa = XCBuildConfiguration;
			buildSettings = {
				ASSETCATALOG_COMPILER_APPICON_NAME = AppIcon;
				ASSETCATALOG_COMPILER_GLOBAL_ACCENT_COLOR_NAME = AccentColor;
				CODE_SIGN_STYLE = Automatic;
				CURRENT_PROJECT_VERSION = 1;
				DEVELOPMENT_TEAM = EQV48EW98J;
				GENERATE_INFOPLIST_FILE = YES;
				INFOPLIST_FILE = GitHubApp/Info.plist;
				INFOPLIST_KEY_UIApplicationSupportsIndirectInputEvents = YES;
				INFOPLIST_KEY_UILaunchStoryboardName = LaunchScreen;
				INFOPLIST_KEY_UIMainStoryboardFile = Main;
				INFOPLIST_KEY_UISupportedInterfaceOrientations_iPad = "UIInterfaceOrientationPortrait UIInterfaceOrientationPortraitUpsideDown UIInterfaceOrientationLandscapeLeft UIInterfaceOrientationLandscapeRight";
				INFOPLIST_KEY_UISupportedInterfaceOrientations_iPhone = "UIInterfaceOrientationPortrait UIInterfaceOrientationLandscapeLeft UIInterfaceOrientationLandscapeRight";
				LD_RUNPATH_SEARCH_PATHS = (
					"$(inherited)",
					"@executable_path/Frameworks",
				);
				MARKETING_VERSION = 1.0;
				PRODUCT_BUNDLE_IDENTIFIER = com.nithaparan.GitHubApp;
				PRODUCT_NAME = "$(TARGET_NAME)";
				SWIFT_EMIT_LOC_STRINGS = YES;
				SWIFT_VERSION = 5.0;
				TARGETED_DEVICE_FAMILY = "1,2";
			};
			name = Release;
		};
		A0039EAC28E6760F00C65AD9 /* Debug */ = {
			isa = XCBuildConfiguration;
			buildSettings = {
				ALWAYS_EMBED_SWIFT_STANDARD_LIBRARIES = YES;
				BUNDLE_LOADER = "$(TEST_HOST)";
				CODE_SIGN_STYLE = Automatic;
				CURRENT_PROJECT_VERSION = 1;
				DEVELOPMENT_TEAM = EQV48EW98J;
				GENERATE_INFOPLIST_FILE = YES;
				IPHONEOS_DEPLOYMENT_TARGET = 16.0;
				MARKETING_VERSION = 1.0;
				PRODUCT_BUNDLE_IDENTIFIER = com.nithaparan.GitHubAppTests;
				PRODUCT_NAME = "$(TARGET_NAME)";
				SWIFT_EMIT_LOC_STRINGS = NO;
				SWIFT_VERSION = 5.0;
				TARGETED_DEVICE_FAMILY = "1,2";
				TEST_HOST = "$(BUILT_PRODUCTS_DIR)/GitHubApp.app/$(BUNDLE_EXECUTABLE_FOLDER_PATH)/GitHubApp";
			};
			name = Debug;
		};
		A0039EAD28E6760F00C65AD9 /* Release */ = {
			isa = XCBuildConfiguration;
			buildSettings = {
				ALWAYS_EMBED_SWIFT_STANDARD_LIBRARIES = YES;
				BUNDLE_LOADER = "$(TEST_HOST)";
				CODE_SIGN_STYLE = Automatic;
				CURRENT_PROJECT_VERSION = 1;
				DEVELOPMENT_TEAM = EQV48EW98J;
				GENERATE_INFOPLIST_FILE = YES;
				IPHONEOS_DEPLOYMENT_TARGET = 16.0;
				MARKETING_VERSION = 1.0;
				PRODUCT_BUNDLE_IDENTIFIER = com.nithaparan.GitHubAppTests;
				PRODUCT_NAME = "$(TARGET_NAME)";
				SWIFT_EMIT_LOC_STRINGS = NO;
				SWIFT_VERSION = 5.0;
				TARGETED_DEVICE_FAMILY = "1,2";
				TEST_HOST = "$(BUILT_PRODUCTS_DIR)/GitHubApp.app/$(BUNDLE_EXECUTABLE_FOLDER_PATH)/GitHubApp";
			};
			name = Release;
		};
		A0039EAF28E6760F00C65AD9 /* Debug */ = {
			isa = XCBuildConfiguration;
			buildSettings = {
				ALWAYS_EMBED_SWIFT_STANDARD_LIBRARIES = YES;
				CODE_SIGN_STYLE = Automatic;
				CURRENT_PROJECT_VERSION = 1;
				DEVELOPMENT_TEAM = EQV48EW98J;
				GENERATE_INFOPLIST_FILE = YES;
				MARKETING_VERSION = 1.0;
				PRODUCT_BUNDLE_IDENTIFIER = com.nithaparan.GitHubAppUITests;
				PRODUCT_NAME = "$(TARGET_NAME)";
				SWIFT_EMIT_LOC_STRINGS = NO;
				SWIFT_VERSION = 5.0;
				TARGETED_DEVICE_FAMILY = "1,2";
				TEST_TARGET_NAME = GitHubApp;
			};
			name = Debug;
		};
		A0039EB028E6760F00C65AD9 /* Release */ = {
			isa = XCBuildConfiguration;
			buildSettings = {
				ALWAYS_EMBED_SWIFT_STANDARD_LIBRARIES = YES;
				CODE_SIGN_STYLE = Automatic;
				CURRENT_PROJECT_VERSION = 1;
				DEVELOPMENT_TEAM = EQV48EW98J;
				GENERATE_INFOPLIST_FILE = YES;
				MARKETING_VERSION = 1.0;
				PRODUCT_BUNDLE_IDENTIFIER = com.nithaparan.GitHubAppUITests;
				PRODUCT_NAME = "$(TARGET_NAME)";
				SWIFT_EMIT_LOC_STRINGS = NO;
				SWIFT_VERSION = 5.0;
				TARGETED_DEVICE_FAMILY = "1,2";
				TEST_TARGET_NAME = GitHubApp;
			};
			name = Release;
		};
/* End XCBuildConfiguration section */

/* Begin XCConfigurationList section */
		A0039E7928E6760C00C65AD9 /* Build configuration list for PBXProject "GitHubApp" */ = {
			isa = XCConfigurationList;
			buildConfigurations = (
				A0039EA628E6760F00C65AD9 /* Debug */,
				A0039EA728E6760F00C65AD9 /* Release */,
			);
			defaultConfigurationIsVisible = 0;
			defaultConfigurationName = Release;
		};
		A0039EA828E6760F00C65AD9 /* Build configuration list for PBXNativeTarget "GitHubApp" */ = {
			isa = XCConfigurationList;
			buildConfigurations = (
				A0039EA928E6760F00C65AD9 /* Debug */,
				A0039EAA28E6760F00C65AD9 /* Release */,
			);
			defaultConfigurationIsVisible = 0;
			defaultConfigurationName = Release;
		};
		A0039EAB28E6760F00C65AD9 /* Build configuration list for PBXNativeTarget "GitHubAppTests" */ = {
			isa = XCConfigurationList;
			buildConfigurations = (
				A0039EAC28E6760F00C65AD9 /* Debug */,
				A0039EAD28E6760F00C65AD9 /* Release */,
			);
			defaultConfigurationIsVisible = 0;
			defaultConfigurationName = Release;
		};
		A0039EAE28E6760F00C65AD9 /* Build configuration list for PBXNativeTarget "GitHubAppUITests" */ = {
			isa = XCConfigurationList;
			buildConfigurations = (
				A0039EAF28E6760F00C65AD9 /* Debug */,
				A0039EB028E6760F00C65AD9 /* Release */,
			);
			defaultConfigurationIsVisible = 0;
			defaultConfigurationName = Release;
		};
/* End XCConfigurationList section */
	};
	rootObject = A0039E7628E6760C00C65AD9 /* Project object */;
}
